// !$*UTF8*$!
{
	archiveVersion = 1;
	classes = {
	};
	objectVersion = 46;
	objects = {

/* Begin PBXBuildFile section */
		AB4109911E291C92006EB6B4 /* main.m in Sources */ = {isa = PBXBuildFile; fileRef = AB4109901E291C92006EB6B4 /* main.m */; };
		AB4109941E291C92006EB6B4 /* AppDelegate.m in Sources */ = {isa = PBXBuildFile; fileRef = AB4109931E291C92006EB6B4 /* AppDelegate.m */; };
		AB4109971E291C92006EB6B4 /* ViewController.m in Sources */ = {isa = PBXBuildFile; fileRef = AB4109961E291C92006EB6B4 /* ViewController.m */; };
		AB41099A1E291C92006EB6B4 /* Main.storyboard in Resources */ = {isa = PBXBuildFile; fileRef = AB4109981E291C92006EB6B4 /* Main.storyboard */; };
		AB41099C1E291C92006EB6B4 /* Assets.xcassets in Resources */ = {isa = PBXBuildFile; fileRef = AB41099B1E291C92006EB6B4 /* Assets.xcassets */; };
		AB41099F1E291C92006EB6B4 /* LaunchScreen.storyboard in Resources */ = {isa = PBXBuildFile; fileRef = AB41099D1E291C92006EB6B4 /* LaunchScreen.storyboard */; };
/* End PBXBuildFile section */

/* Begin PBXFileReference section */
		AB41098C1E291C92006EB6B4 /* TapChallenge.app */ = {isa = PBXFileReference; explicitFileType = wrapper.application; includeInIndex = 0; path = TapChallenge.app; sourceTree = BUILT_PRODUCTS_DIR; };
		AB4109901E291C92006EB6B4 /* main.m */ = {isa = PBXFileReference; lastKnownFileType = sourcecode.c.objc; path = main.m; sourceTree = "<group>"; };
		AB4109921E291C92006EB6B4 /* AppDelegate.h */ = {isa = PBXFileReference; lastKnownFileType = sourcecode.c.h; path = AppDelegate.h; sourceTree = "<group>"; };
		AB4109931E291C92006EB6B4 /* AppDelegate.m */ = {isa = PBXFileReference; lastKnownFileType = sourcecode.c.objc; path = AppDelegate.m; sourceTree = "<group>"; };
		AB4109951E291C92006EB6B4 /* ViewController.h */ = {isa = PBXFileReference; lastKnownFileType = sourcecode.c.h; path = ViewController.h; sourceTree = "<group>"; };
		AB4109961E291C92006EB6B4 /* ViewController.m */ = {isa = PBXFileReference; lastKnownFileType = sourcecode.c.objc; path = ViewController.m; sourceTree = "<group>"; };
		AB4109991E291C92006EB6B4 /* Base */ = {isa = PBXFileReference; lastKnownFileType = file.storyboard; name = Base; path = Base.lproj/Main.storyboard; sourceTree = "<group>"; };
		AB41099B1E291C92006EB6B4 /* Assets.xcassets */ = {isa = PBXFileReference; lastKnownFileType = folder.assetcatalog; path = Assets.xcassets; sourceTree = "<group>"; };
		AB41099E1E291C92006EB6B4 /* Base */ = {isa = PBXFileReference; lastKnownFileType = file.storyboard; name = Base; path = Base.lproj/LaunchScreen.storyboard; sourceTree = "<group>"; };
		AB4109A01E291C92006EB6B4 /* Info.plist */ = {isa = PBXFileReference; lastKnownFileType = text.plist.xml; path = Info.plist; sourceTree = "<group>"; };
/* End PBXFileReference section */

/* Begin PBXFrameworksBuildPhase section */
		AB4109891E291C92006EB6B4 /* Frameworks */ = {
			isa = PBXFrameworksBuildPhase;
			buildActionMask = 2147483647;
			files = (
			);
			runOnlyForDeploymentPostprocessing = 0;
		};
/* End PBXFrameworksBuildPhase section */

/* Begin PBXGroup section */
		AB4109831E291C92006EB6B4 = {
			isa = PBXGroup;
			children = (
				AB41098E1E291C92006EB6B4 /* TapChallenge */,
				AB41098D1E291C92006EB6B4 /* Products */,
			);
			sourceTree = "<group>";
		};
		AB41098D1E291C92006EB6B4 /* Products */ = {
			isa = PBXGroup;
			children = (
				AB41098C1E291C92006EB6B4 /* TapChallenge.app */,
			);
			name = Products;
			sourceTree = "<group>";
		};
		AB41098E1E291C92006EB6B4 /* TapChallenge */ = {
			isa = PBXGroup;
			children = (
				AB4109921E291C92006EB6B4 /* AppDelegate.h */,
				AB4109931E291C92006EB6B4 /* AppDelegate.m */,
				AB4109951E291C92006EB6B4 /* ViewController.h */,
				AB4109961E291C92006EB6B4 /* ViewController.m */,
				AB4109981E291C92006EB6B4 /* Main.storyboard */,
				AB41099B1E291C92006EB6B4 /* Assets.xcassets */,
				AB41099D1E291C92006EB6B4 /* LaunchScreen.storyboard */,
				AB4109A01E291C92006EB6B4 /* Info.plist */,
				AB41098F1E291C92006EB6B4 /* Supporting Files */,
			);
			path = TapChallenge;
			sourceTree = "<group>";
		};
		AB41098F1E291C92006EB6B4 /* Supporting Files */ = {
			isa = PBXGroup;
			children = (
				AB4109901E291C92006EB6B4 /* main.m */,
			);
			name = "Supporting Files";
			sourceTree = "<group>";
		};
/* End PBXGroup section */

/* Begin PBXNativeTarget section */
		AB41098B1E291C92006EB6B4 /* TapChallenge */ = {
			isa = PBXNativeTarget;
			buildConfigurationList = AB4109A31E291C92006EB6B4 /* Build configuration list for PBXNativeTarget "TapChallenge" */;
			buildPhases = (
				AB4109881E291C92006EB6B4 /* Sources */,
				AB4109891E291C92006EB6B4 /* Frameworks */,
				AB41098A1E291C92006EB6B4 /* Resources */,
			);
			buildRules = (
			);
			dependencies = (
			);
			name = TapChallenge;
			productName = TapChallenge;
			productReference = AB41098C1E291C92006EB6B4 /* TapChallenge.app */;
			productType = "com.apple.product-type.application";
		};
/* End PBXNativeTarget section */

/* Begin PBXProject section */
		AB4109841E291C92006EB6B4 /* Project object */ = {
			isa = PBXProject;
			attributes = {
				LastUpgradeCheck = 0820;
				ORGANIZATIONNAME = "Clemente Di Rosa";
				TargetAttributes = {
					AB41098B1E291C92006EB6B4 = {
						CreatedOnToolsVersion = 8.2.1;
						ProvisioningStyle = Automatic;
					};
				};
			};
			buildConfigurationList = AB4109871E291C92006EB6B4 /* Build configuration list for PBXProject "TapChallenge" */;
			compatibilityVersion = "Xcode 3.2";
			developmentRegion = English;
			hasScannedForEncodings = 0;
			knownRegions = (
				en,
				Base,
			);
			mainGroup = AB4109831E291C92006EB6B4;
			productRefGroup = AB41098D1E291C92006EB6B4 /* Products */;
			projectDirPath = "";
			projectRoot = "";
			targets = (
				AB41098B1E291C92006EB6B4 /* TapChallenge */,
			);
		};
/* End PBXProject section */

/* Begin PBXResourcesBuildPhase section */
		AB41098A1E291C92006EB6B4 /* Resources */ = {
			isa = PBXResourcesBuildPhase;
			buildActionMask = 2147483647;
			files = (
				AB41099F1E291C92006EB6B4 /* LaunchScreen.storyboard in Resources */,
				AB41099C1E291C92006EB6B4 /* Assets.xcassets in Resources */,
				AB41099A1E291C92006EB6B4 /* Main.storyboard in Resources */,
			);
			runOnlyForDeploymentPostprocessing = 0;
		};
/* End PBXResourcesBuildPhase section */

/* Begin PBXSourcesBuildPhase section */
		AB4109881E291C92006EB6B4 /* Sources */ = {
			isa = PBXSourcesBuildPhase;
			buildActionMask = 2147483647;
			files = (
				AB4109971E291C92006EB6B4 /* ViewController.m in Sources */,
				AB4109941E291C92006EB6B4 /* AppDelegate.m in Sources */,
				AB4109911E291C92006EB6B4 /* main.m in Sources */,
			);
			runOnlyForDeploymentPostprocessing = 0;
		};
/* End PBXSourcesBuildPhase section */

/* Begin PBXVariantGroup section */
		AB4109981E291C92006EB6B4 /* Main.storyboard */ = {
			isa = PBXVariantGroup;
			children = (
				AB4109991E291C92006EB6B4 /* Base */,
			);
			name = Main.storyboard;
			sourceTree = "<group>";
		};
		AB41099D1E291C92006EB6B4 /* LaunchScreen.storyboard */ = {
			isa = PBXVariantGroup;
			children = (
				AB41099E1E291C92006EB6B4 /* Base */,
			);
			name = LaunchScreen.storyboard;
			sourceTree = "<group>";
		};
/* End PBXVariantGroup section */

/* Begin XCBuildConfiguration section */
		AB4109A11E291C92006EB6B4 /* Debug */ = {
			isa = XCBuildConfiguration;
			buildSettings = {
				ALWAYS_SEARCH_USER_PATHS = NO;
				CLANG_ANALYZER_NONNULL = YES;
				CLANG_CXX_LANGUAGE_STANDARD = "gnu++0x";
				CLANG_CXX_LIBRARY = "libc++";
				CLANG_ENABLE_MODULES = YES;
				CLANG_ENABLE_OBJC_ARC = YES;
				CLANG_WARN_BOOL_CONVERSION = YES;
				CLANG_WARN_CONSTANT_CONVERSION = YES;
				CLANG_WARN_DIRECT_OBJC_ISA_USAGE = YES_ERROR;
				CLANG_WARN_DOCUMENTATION_COMMENTS = YES;
				CLANG_WARN_EMPTY_BODY = YES;
				CLANG_WARN_ENUM_CONVERSION = YES;
				CLANG_WARN_INFINITE_RECURSION = YES;
				CLANG_WARN_INT_CONVERSION = YES;
				CLANG_WARN_OBJC_ROOT_CLASS = YES_ERROR;
				CLANG_WARN_SUSPICIOUS_MOVE = YES;
				CLANG_WARN_UNREACHABLE_CODE = YES;
				CLANG_WARN__DUPLICATE_METHOD_MATCH = YES;
				"CODE_SIGN_IDENTITY[sdk=iphoneos*]" = "iPhone Developer";
				COPY_PHASE_STRIP = NO;
				DEBUG_INFORMATION_FORMAT = dwarf;
				ENABLE_STRICT_OBJC_MSGSEND = YES;
				ENABLE_TESTABILITY = YES;
				GCC_C_LANGUAGE_STANDARD = gnu99;
				GCC_DYNAMIC_NO_PIC = NO;
				GCC_NO_COMMON_BLOCKS = YES;
				GCC_OPTIMIZATION_LEVEL = 0;
				GCC_PREPROCESSOR_DEFINITIONS = (
					"DEBUG=1",
					"$(inherited)",
				);
				GCC_WARN_64_TO_32_BIT_CONVERSION = YES;
				GCC_WARN_ABOUT_RETURN_TYPE = YES_ERROR;
				GCC_WARN_UNDECLARED_SELECTOR = YES;
				GCC_WARN_UNINITIALIZED_AUTOS = YES_AGGRESSIVE;
				GCC_WARN_UNUSED_FUNCTION = YES;
				GCC_WARN_UNUSED_VARIABLE = YES;
				IPHONEOS_DEPLOYMENT_TARGET = 10.2;
				MTL_ENABLE_DEBUG_INFO = YES;
				ONLY_ACTIVE_ARCH = YES;
				SDKROOT = iphoneos;
			};
			name = Debug;
		};
		AB4109A21E291C92006EB6B4 /* Release */ = {
			isa = XCBuildConfiguration;
			buildSettings = {
				ALWAYS_SEARCH_USER_PATHS = NO;
				CLANG_ANALYZER_NONNULL = YES;
				CLANG_CXX_LANGUAGE_STANDARD = "gnu++0x";
				CLANG_CXX_LIBRARY = "libc++";
				CLANG_ENABLE_MODULES = YES;
				CLANG_ENABLE_OBJC_ARC = YES;
				CLANG_WARN_BOOL_CONVERSION = YES;
				CLANG_WARN_CONSTANT_CONVERSION = YES;
				CLANG_WARN_DIRECT_OBJC_ISA_USAGE = YES_ERROR;
				CLANG_WARN_DOCUMENTATION_COMMENTS = YES;
				CLANG_WARN_EMPTY_BODY = YES;
				CLANG_WARN_ENUM_CONVERSION = YES;
				CLANG_WARN_INFINITE_RECURSION = YES;
				CLANG_WARN_INT_CONVERSION = YES;
				CLANG_WARN_OBJC_ROOT_CLASS = YES_ERROR;
				CLANG_WARN_SUSPICIOUS_MOVE = YES;
				CLANG_WARN_UNREACHABLE_CODE = YES;
				CLANG_WARN__DUPLICATE_METHOD_MATCH = YES;
				"CODE_SIGN_IDENTITY[sdk=iphoneos*]" = "iPhone Developer";
				COPY_PHASE_STRIP = NO;
				DEBUG_INFORMATION_FORMAT = "dwarf-with-dsym";
				ENABLE_NS_ASSERTIONS = NO;
				ENABLE_STRICT_OBJC_MSGSEND = YES;
				GCC_C_LANGUAGE_STANDARD = gnu99;
				GCC_NO_COMMON_BLOCKS = YES;
				GCC_WARN_64_TO_32_BIT_CONVERSION = YES;
				GCC_WARN_ABOUT_RETURN_TYPE = YES_ERROR;
				GCC_WARN_UNDECLARED_SELECTOR = YES;
				GCC_WARN_UNINITIALIZED_AUTOS = YES_AGGRESSIVE;
				GCC_WARN_UNUSED_FUNCTION = YES;
				GCC_WARN_UNUSED_VARIABLE = YES;
				IPHONEOS_DEPLOYMENT_TARGET = 10.2;
				MTL_ENABLE_DEBUG_INFO = NO;
				SDKROOT = iphoneos;
				VALIDATE_PRODUCT = YES;
			};
			name = Release;
		};
		AB4109A41E291C92006EB6B4 /* Debug */ = {
			isa = XCBuildConfiguration;
			buildSettings = {
				ASSETCATALOG_COMPILER_APPICON_NAME = AppIcon;
				INFOPLIST_FILE = TapChallenge/Info.plist;
				LD_RUNPATH_SEARCH_PATHS = "$(inherited) @executable_path/Frameworks";
				PRODUCT_BUNDLE_IDENTIFIER = com.clementedirosa.TapChallenge;
				PRODUCT_NAME = "$(TARGET_NAME)";
			};
			name = Debug;
		};
		AB4109A51E291C92006EB6B4 /* Release */ = {
			isa = XCBuildConfiguration;
			buildSettings = {
				ASSETCATALOG_COMPILER_APPICON_NAME = AppIcon;
				INFOPLIST_FILE = TapChallenge/Info.plist;
				LD_RUNPATH_SEARCH_PATHS = "$(inherited) @executable_path/Frameworks";
				PRODUCT_BUNDLE_IDENTIFIER = com.clementedirosa.TapChallenge;
				PRODUCT_NAME = "$(TARGET_NAME)";
			};
			name = Release;
		};
/* End XCBuildConfiguration section */

/* Begin XCConfigurationList section */
		AB4109871E291C92006EB6B4 /* Build configuration list for PBXProject "TapChallenge" */ = {
			isa = XCConfigurationList;
			buildConfigurations = (
				AB4109A11E291C92006EB6B4 /* Debug */,
				AB4109A21E291C92006EB6B4 /* Release */,
			);
			defaultConfigurationIsVisible = 0;
			defaultConfigurationName = Release;
		};
		AB4109A31E291C92006EB6B4 /* Build configuration list for PBXNativeTarget "TapChallenge" */ = {
			isa = XCConfigurationList;
			buildConfigurations = (
				AB4109A41E291C92006EB6B4 /* Debug */,
				AB4109A51E291C92006EB6B4 /* Release */,
			);
			defaultConfigurationIsVisible = 0;
		};
/* End XCConfigurationList section */
	};
	rootObject = AB4109841E291C92006EB6B4 /* Project object */;
}
